lockfileVersion: '6.0'

settings:
  autoInstallPeers: true
  excludeLinksFromLockfile: false

dependencies:
  '@octokit/action':
    specifier: ^5.0.2
    version: 5.0.2
  octokit:
    specifier: ^2.0.14
    version: 2.0.14

packages:

  /@octokit/action@5.0.2:
    resolution: {integrity: sha512-MisDAUHxASngd6fvh4Klibxmwfszd8GLYEXfKfaeH2A4j3g5BGwZyy17Y0lawZpOGHOfNu8fqY1pKgzXnqBkOA==}
    engines: {node: '>= 14'}
    dependencies:
      '@octokit/auth-action': 2.0.3
      '@octokit/core': 4.2.0
      '@octokit/plugin-paginate-rest': 6.0.0(@octokit/core@4.2.0)
      '@octokit/plugin-rest-endpoint-methods': 7.0.1(@octokit/core@4.2.0)
      '@octokit/types': 9.0.0
      https-proxy-agent: 5.0.1
    transitivePeerDependencies:
      - encoding
      - supports-color
    dev: false

  /@octokit/app@13.1.2:
    resolution: {integrity: sha512-Kf+h5sa1SOI33hFsuHvTsWj1jUrjp1x4MuiJBq7U/NicfEGa6nArPUoDnyfP/YTmcQ5cQ5yvOgoIBkbwPg6kzQ==}
    engines: {node: '>= 14'}
    dependencies:
      '@octokit/auth-app': 4.0.9
      '@octokit/auth-unauthenticated': 3.0.4
      '@octokit/core': 4.2.0
      '@octokit/oauth-app': 4.2.0
      '@octokit/plugin-paginate-rest': 6.0.0(@octokit/core@4.2.0)
      '@octokit/types': 9.0.0
      '@octokit/webhooks': 10.9.1
    transitivePeerDependencies:
      - encoding
    dev: false

  /@octokit/auth-action@2.0.3:
    resolution: {integrity: sha512-GtUtNR7AmDV8bjNtt+EuqwE2Ipeq0aR10zPInp/B6msgoXL7UPqj2bI+8M/A/y7abGJ3U4h85wXoqZSralnDxw==}
    engines: {node: '>= 14'}
    dependencies:
      '@octokit/auth-token': 3.0.3
      '@octokit/types': 9.0.0
    dev: false

  /@octokit/auth-app@4.0.9:
    resolution: {integrity: sha512-VFpKIXhHO+kVJtane5cEvdYPtjDKCOI0uKsRrsZfJP+uEu7rcPbQCLCcRKgyT+mUIzGr1IIOmwP/lFqSip1dXA==}
    engines: {node: '>= 14'}
    dependencies:
      '@octokit/auth-oauth-app': 5.0.5
      '@octokit/auth-oauth-user': 2.1.1
      '@octokit/request': 6.2.3
      '@octokit/request-error': 3.0.3
      '@octokit/types': 9.0.0
      '@types/lru-cache': 5.1.1
      deprecation: 2.3.1
      lru-cache: 6.0.0
      universal-github-app-jwt: 1.1.1
      universal-user-agent: 6.0.0
    transitivePeerDependencies:
      - encoding
    dev: false

  /@octokit/auth-oauth-app@5.0.5:
    resolution: {integrity: sha512-UPX1su6XpseaeLVCi78s9droxpGtBWIgz9XhXAx9VXabksoF0MyI5vaa1zo1njyYt6VaAjFisC2A2Wchcu2WmQ==}
    engines: {node: '>= 14'}
    dependencies:
      '@octokit/auth-oauth-device': 4.0.4
      '@octokit/auth-oauth-user': 2.1.1
      '@octokit/request': 6.2.3
      '@octokit/types': 9.0.0
      '@types/btoa-lite': 1.0.0
      btoa-lite: 1.0.0
      universal-user-agent: 6.0.0
    transitivePeerDependencies:
      - encoding
    dev: false

  /@octokit/auth-oauth-device@4.0.4:
    resolution: {integrity: sha512-Xl85BZYfqCMv+Uvz33nVVUjE7I/PVySNaK6dRRqlkvYcArSr9vRcZC9KVjXYObGRTCN6mISeYdakAZvWEN4+Jw==}
    engines: {node: '>= 14'}
    dependencies:
      '@octokit/oauth-methods': 2.0.5
      '@octokit/request': 6.2.3
      '@octokit/types': 9.0.0
      universal-user-agent: 6.0.0
    transitivePeerDependencies:
      - encoding
    dev: false

  /@octokit/auth-oauth-user@2.1.1:
    resolution: {integrity: sha512-JgqnNNPf9CaWLxWm9uh2WgxcaVYhxBR09NVIPTiMU2dVZ3FObOHs3njBiLNw+zq84k+rEdm5Y7AsiASrZ84Apg==}
    engines: {node: '>= 14'}
    dependencies:
      '@octokit/auth-oauth-device': 4.0.4
      '@octokit/oauth-methods': 2.0.5
      '@octokit/request': 6.2.3
      '@octokit/types': 9.0.0
      btoa-lite: 1.0.0
      universal-user-agent: 6.0.0
    transitivePeerDependencies:
      - encoding
    dev: false

  /@octokit/auth-token@3.0.3:
    resolution: {integrity: sha512-/aFM2M4HVDBT/jjDBa84sJniv1t9Gm/rLkalaz9htOm+L+8JMj1k9w0CkUdcxNyNxZPlTxKPVko+m1VlM58ZVA==}
    engines: {node: '>= 14'}
    dependencies:
      '@octokit/types': 9.0.0
    dev: false

  /@octokit/auth-unauthenticated@3.0.4:
    resolution: {integrity: sha512-AT74XGBylcLr4lmUp1s6mjSUgphGdlse21Qjtv5DzpX1YOl5FXKwvNcZWESdhyBbpDT8VkVyLFqa/7a7eqpPNw==}
    engines: {node: '>= 14'}
    dependencies:
      '@octokit/request-error': 3.0.3
      '@octokit/types': 9.0.0
    dev: false

  /@octokit/core@4.2.0:
    resolution: {integrity: sha512-AgvDRUg3COpR82P7PBdGZF/NNqGmtMq2NiPqeSsDIeCfYFOZ9gddqWNQHnFdEUf+YwOj4aZYmJnlPp7OXmDIDg==}
    engines: {node: '>= 14'}
    dependencies:
      '@octokit/auth-token': 3.0.3
      '@octokit/graphql': 5.0.5
      '@octokit/request': 6.2.3
      '@octokit/request-error': 3.0.3
      '@octokit/types': 9.0.0
      before-after-hook: 2.2.3
      universal-user-agent: 6.0.0
    transitivePeerDependencies:
      - encoding
    dev: false

  /@octokit/endpoint@7.0.5:
    resolution: {integrity: sha512-LG4o4HMY1Xoaec87IqQ41TQ+glvIeTKqfjkCEmt5AIwDZJwQeVZFIEYXrYY6yLwK+pAScb9Gj4q+Nz2qSw1roA==}
    engines: {node: '>= 14'}
    dependencies:
      '@octokit/types': 9.0.0
      is-plain-object: 5.0.0
      universal-user-agent: 6.0.0
    dev: false

  /@octokit/graphql@5.0.5:
    resolution: {integrity: sha512-Qwfvh3xdqKtIznjX9lz2D458r7dJPP8l6r4GQkIdWQouZwHQK0mVT88uwiU2bdTU2OtT1uOlKpRciUWldpG0yQ==}
    engines: {node: '>= 14'}
    dependencies:
      '@octokit/request': 6.2.3
      '@octokit/types': 9.0.0
      universal-user-agent: 6.0.0
    transitivePeerDependencies:
      - encoding
    dev: false

  /@octokit/oauth-app@4.2.0:
    resolution: {integrity: sha512-gyGclT77RQMkVUEW3YBeAKY+LBSc5u3eC9Wn/Uwt3WhuKuu9mrV18EnNpDqmeNll+mdV02yyBROU29Tlili6gg==}
    engines: {node: '>= 14'}
    dependencies:
      '@octokit/auth-oauth-app': 5.0.5
      '@octokit/auth-oauth-user': 2.1.1
      '@octokit/auth-unauthenticated': 3.0.4
      '@octokit/core': 4.2.0
      '@octokit/oauth-authorization-url': 5.0.0
      '@octokit/oauth-methods': 2.0.5
      '@types/aws-lambda': 8.10.114
      fromentries: 1.3.2
      universal-user-agent: 6.0.0
    transitivePeerDependencies:
      - encoding
    dev: false

  /@octokit/oauth-authorization-url@5.0.0:
    resolution: {integrity: sha512-y1WhN+ERDZTh0qZ4SR+zotgsQUE1ysKnvBt1hvDRB2WRzYtVKQjn97HEPzoehh66Fj9LwNdlZh+p6TJatT0zzg==}
    engines: {node: '>= 14'}
    dev: false

  /@octokit/oauth-methods@2.0.5:
    resolution: {integrity: sha512-yQP6B5gE3axNxuM3U9KqWs/ErAQ+WLPaPgC/7EjsZsQibkf8sjdAfF8/y/EJW+Dd05XQvadX4WhQZPMnO1SE1A==}
    engines: {node: '>= 14'}
    dependencies:
      '@octokit/oauth-authorization-url': 5.0.0
      '@octokit/request': 6.2.3
      '@octokit/request-error': 3.0.3
      '@octokit/types': 9.0.0
      btoa-lite: 1.0.0
    transitivePeerDependencies:
      - encoding
    dev: false

  /@octokit/openapi-types@16.0.0:
    resolution: {integrity: sha512-JbFWOqTJVLHZSUUoF4FzAZKYtqdxWu9Z5m2QQnOyEa04fOFljvyh7D3GYKbfuaSWisqehImiVIMG4eyJeP5VEA==}
    dev: false

  /@octokit/plugin-paginate-rest@6.0.0(@octokit/core@4.2.0):
    resolution: {integrity: sha512-Sq5VU1PfT6/JyuXPyt04KZNVsFOSBaYOAq2QRZUwzVlI10KFvcbUo8lR258AAQL1Et60b0WuVik+zOWKLuDZxw==}
    engines: {node: '>= 14'}
    peerDependencies:
      '@octokit/core': '>=4'
    dependencies:
      '@octokit/core': 4.2.0
      '@octokit/types': 9.0.0
    dev: false

  /@octokit/plugin-rest-endpoint-methods@7.0.1(@octokit/core@4.2.0):
    resolution: {integrity: sha512-pnCaLwZBudK5xCdrR823xHGNgqOzRnJ/mpC/76YPpNP7DybdsJtP7mdOwh+wYZxK5jqeQuhu59ogMI4NRlBUvA==}
    engines: {node: '>= 14'}
    peerDependencies:
      '@octokit/core': '>=3'
    dependencies:
      '@octokit/core': 4.2.0
      '@octokit/types': 9.0.0
      deprecation: 2.3.1
    dev: false

  /@octokit/plugin-retry@4.1.3(@octokit/core@4.2.0):
    resolution: {integrity: sha512-3YKBj7d0J/4mpEc4xzMociWsMNl5lZqrpAnYcW6mqiSGF3wFjU+c6GHih6GLClk31JNvKDr0x9jc5cfm7evkZg==}
    engines: {node: '>= 14'}
    peerDependencies:
      '@octokit/core': '>=3'
    dependencies:
      '@octokit/core': 4.2.0
      '@octokit/types': 9.0.0
      bottleneck: 2.19.5
    dev: false

  /@octokit/plugin-throttling@5.0.1(@octokit/core@4.2.0):
    resolution: {integrity: sha512-I4qxs7wYvYlFuY3PAUGWAVPhFXG3RwnvTiSr5Fu/Auz7bYhDLnzS2MjwV8nGLq/FPrWwYiweeZrI5yjs1YG4tQ==}
    engines: {node: '>= 14'}
    peerDependencies:
      '@octokit/core': ^4.0.0
    dependencies:
      '@octokit/core': 4.2.0
      '@octokit/types': 9.0.0
      bottleneck: 2.19.5
    dev: false

  /@octokit/request-error@3.0.3:
    resolution: {integrity: sha512-crqw3V5Iy2uOU5Np+8M/YexTlT8zxCfI+qu+LxUB7SZpje4Qmx3mub5DfEKSO8Ylyk0aogi6TYdf6kxzh2BguQ==}
    engines: {node: '>= 14'}
    dependencies:
      '@octokit/types': 9.0.0
      deprecation: 2.3.1
      once: 1.4.0
    dev: false

  /@octokit/request@6.2.3:
    resolution: {integrity: sha512-TNAodj5yNzrrZ/VxP+H5HiYaZep0H3GU0O7PaF+fhDrt8FPrnkei9Aal/txsN/1P7V3CPiThG0tIvpPDYUsyAA==}
    engines: {node: '>= 14'}
    dependencies:
      '@octokit/endpoint': 7.0.5
      '@octokit/request-error': 3.0.3
      '@octokit/types': 9.0.0
      is-plain-object: 5.0.0
      node-fetch: 2.6.9
      universal-user-agent: 6.0.0
    transitivePeerDependencies:
      - encoding
    dev: false

  /@octokit/types@9.0.0:
    resolution: {integrity: sha512-LUewfj94xCMH2rbD5YJ+6AQ4AVjFYTgpp6rboWM5T7N3IsIF65SBEOVcYMGAEzO/kKNiNaW4LoWtoThOhH06gw==}
    dependencies:
      '@octokit/openapi-types': 16.0.0
    dev: false

  /@octokit/webhooks-methods@3.0.2:
    resolution: {integrity: sha512-Vlnv5WBscf07tyAvfDbp7pTkMZUwk7z7VwEF32x6HqI+55QRwBTcT+D7DDjZXtad/1dU9E32x0HmtDlF9VIRaQ==}
    engines: {node: '>= 14'}
    dev: false

  /@octokit/webhooks-types@6.11.0:
    resolution: {integrity: sha512-AanzbulOHljrku1NGfafxdpTCfw2ENaWzH01N2vqQM+cUFbk868Cgh0xylz0JIM9BoKbfI++bdD6EYX0Q/UTEw==}
    dev: false

  /@octokit/webhooks@10.9.1:
    resolution: {integrity: sha512-5NXU4VfsNOo2VSU/SrLrpPH2Z1ZVDOWFcET4EpnEBX1uh/v8Uz65UVuHIRx5TZiXhnWyRE9AO1PXHa+M/iWwZA==}
    engines: {node: '>= 14'}
    dependencies:
      '@octokit/request-error': 3.0.3
      '@octokit/webhooks-methods': 3.0.2
      '@octokit/webhooks-types': 6.11.0
      aggregate-error: 3.1.0
    dev: false

  /@types/aws-lambda@8.10.114:
    resolution: {integrity: sha512-M8WpEGfC9iQ6V2Ccq6nGIXoQgeVc6z0Ngk8yCOL5V/TYIxshvb0MWQYLFFTZDesL0zmsoBc4OBjG9DB/4rei6w==}
    dev: false

  /@types/btoa-lite@1.0.0:
    resolution: {integrity: sha512-wJsiX1tosQ+J5+bY5LrSahHxr2wT+uME5UDwdN1kg4frt40euqA+wzECkmq4t5QbveHiJepfdThgQrPw6KiSlg==}
    dev: false

  /@types/jsonwebtoken@9.0.1:
    resolution: {integrity: sha512-c5ltxazpWabia/4UzhIoaDcIza4KViOQhdbjRlfcIGVnsE3c3brkz9Z+F/EeJIECOQP7W7US2hNE930cWWkPiw==}
    dependencies:
      '@types/node': 18.15.11
    dev: false

  /@types/lru-cache@5.1.1:
    resolution: {integrity: sha512-ssE3Vlrys7sdIzs5LOxCzTVMsU7i9oa/IaW92wF32JFb3CVczqOkru2xspuKczHEbG3nvmPY7IFqVmGGHdNbYw==}
    dev: false

  /@types/node@18.15.11:
    resolution: {integrity: sha512-E5Kwq2n4SbMzQOn6wnmBjuK9ouqlURrcZDVfbo9ftDDTFt3nk7ZKK4GMOzoYgnpQJKcxwQw+lGaBvvlMo0qN/Q==}
    dev: false

  /agent-base@6.0.2:
    resolution: {integrity: sha512-RZNwNclF7+MS/8bDg70amg32dyeZGZxiDuQmZxKLAlQjr3jGyLx+4Kkk58UO7D2QdgFIQCovuSuZESne6RG6XQ==}
    engines: {node: '>= 6.0.0'}
    dependencies:
      debug: 4.3.4
    transitivePeerDependencies:
      - supports-color
    dev: false

  /aggregate-error@3.1.0:
    resolution: {integrity: sha512-4I7Td01quW/RpocfNayFdFVk1qSuoh0E7JrbRJ16nH01HhKFQ88INq9Sd+nd72zqRySlr9BmDA8xlEJ6vJMrYA==}
    engines: {node: '>=8'}
    dependencies:
      clean-stack: 2.2.0
      indent-string: 4.0.0
    dev: false

  /before-after-hook@2.2.3:
    resolution: {integrity: sha512-NzUnlZexiaH/46WDhANlyR2bXRopNg4F/zuSA3OpZnllCUgRaOF2znDioDWrmbNVsuZk6l9pMquQB38cfBZwkQ==}
    dev: false

  /bottleneck@2.19.5:
    resolution: {integrity: sha512-VHiNCbI1lKdl44tGrhNfU3lup0Tj/ZBMJB5/2ZbNXRCPuRCO7ed2mgcK4r17y+KB2EfuYuRaVlwNbAeaWGSpbw==}
    dev: false

  /btoa-lite@1.0.0:
    resolution: {integrity: sha512-gvW7InbIyF8AicrqWoptdW08pUxuhq8BEgowNajy9RhiE86fmGAGl+bLKo6oB8QP0CkqHLowfN0oJdKC/J6LbA==}
    dev: false

  /buffer-equal-constant-time@1.0.1:
    resolution: {integrity: sha512-zRpUiDwd/xk6ADqPMATG8vc9VPrkck7T07OIx0gnjmJAnHnTVXNQG3vfvWNuiZIkwu9KrKdA1iJKfsfTVxE6NA==}
    dev: false

  /clean-stack@2.2.0:
    resolution: {integrity: sha512-4diC9HaTE+KRAMWhDhrGOECgWZxoevMc5TlkObMqNSsVU62PYzXZ/SMTjzyGAFF1YusgxGcSWTEXBhp0CPwQ1A==}
    engines: {node: '>=6'}
    dev: false

  /debug@4.3.4:
    resolution: {integrity: sha512-PRWFHuSU3eDtQJPvnNY7Jcket1j0t5OuOsFzPPzsekD52Zl8qUfFIPEiswXqIvHWGVHOgX+7G/vCNNhehwxfkQ==}
    engines: {node: '>=6.0'}
    peerDependencies:
      supports-color: '*'
    peerDependenciesMeta:
      supports-color:
        optional: true
    dependencies:
      ms: 2.1.2
    dev: false

  /deprecation@2.3.1:
    resolution: {integrity: sha512-xmHIy4F3scKVwMsQ4WnVaS8bHOx0DmVwRywosKhaILI0ywMDWPtBSku2HNxRvF7jtwDRsoEwYQSfbxj8b7RlJQ==}
    dev: false

  /ecdsa-sig-formatter@1.0.11:
    resolution: {integrity: sha512-nagl3RYrbNv6kQkeJIpt6NJZy8twLB/2vtz6yN9Z4vRKHN4/QZJIEbqohALSgwKdnksuY3k5Addp5lg8sVoVcQ==}
    dependencies:
      safe-buffer: 5.2.1
    dev: false

  /fromentries@1.3.2:
    resolution: {integrity: sha512-cHEpEQHUg0f8XdtZCc2ZAhrHzKzT0MrFUTcvx+hfxYu7rGMDc5SKoXFh+n4YigxsHXRzc6OrCshdR1bWH6HHyg==}
    dev: false

  /https-proxy-agent@5.0.1:
    resolution: {integrity: sha512-dFcAjpTQFgoLMzC2VwU+C/CbS7uRL0lWmxDITmqm7C+7F0Odmj6s9l6alZc6AELXhrnggM2CeWSXHGOdX2YtwA==}
    engines: {node: '>= 6'}
    dependencies:
      agent-base: 6.0.2
      debug: 4.3.4
    transitivePeerDependencies:
      - supports-color
    dev: false

  /indent-string@4.0.0:
    resolution: {integrity: sha512-EdDDZu4A2OyIK7Lr/2zG+w5jmbuk1DVBnEwREQvBzspBJkCEbRa8GxU1lghYcaGJCnRWibjDXlq779X1/y5xwg==}
    engines: {node: '>=8'}
    dev: false

  /is-plain-object@5.0.0:
    resolution: {integrity: sha512-VRSzKkbMm5jMDoKLbltAkFQ5Qr7VDiTFGXxYFXXowVj387GeGNOCsOH6Msy00SGZ3Fp84b1Naa1psqgcCIEP5Q==}
    engines: {node: '>=0.10.0'}
    dev: false

  /jsonwebtoken@9.0.0:
    resolution: {integrity: sha512-tuGfYXxkQGDPnLJ7SibiQgVgeDgfbPq2k2ICcbgqW8WxWLBAxKQM/ZCu/IT8SOSwmaYl4dpTFCW5xZv7YbbWUw==}
    engines: {node: '>=12', npm: '>=6'}
    dependencies:
      jws: 3.2.2
      lodash: 4.17.21
      ms: 2.1.3
      semver: 7.4.0
    dev: false

  /jwa@1.4.1:
    resolution: {integrity: sha512-qiLX/xhEEFKUAJ6FiBMbes3w9ATzyk5W7Hvzpa/SLYdxNtng+gcurvrI7TbACjIXlsJyr05/S1oUhZrc63evQA==}
    dependencies:
      buffer-equal-constant-time: 1.0.1
      ecdsa-sig-formatter: 1.0.11
      safe-buffer: 5.2.1
    dev: false

  /jws@3.2.2:
    resolution: {integrity: sha512-YHlZCB6lMTllWDtSPHz/ZXTsi8S00usEV6v1tjq8tOUZzw7DpSDWVXjXDre6ed1w/pd495ODpHZYSdkRTsa0HA==}
    dependencies:
      jwa: 1.4.1
      safe-buffer: 5.2.1
    dev: false

  /lodash@4.17.21:
    resolution: {integrity: sha512-v2kDEe57lecTulaDIuNTPy3Ry4gLGJ6Z1O3vE1krgXZNrsQ+LFTGHVxVjcXPs17LhbZVGedAJv8XZ1tvj5FvSg==}
    dev: false

  /lru-cache@6.0.0:
    resolution: {integrity: sha512-Jo6dJ04CmSjuznwJSS3pUeWmd/H0ffTlkXXgwZi+eq1UCmqQwCh+eLsYOYCwY991i2Fah4h1BEMCx4qThGbsiA==}
    engines: {node: '>=10'}
    dependencies:
      yallist: 4.0.0
    dev: false

  /ms@2.1.2:
    resolution: {integrity: sha512-sGkPx+VjMtmA6MX27oA4FBFELFCZZ4S4XqeGOXCv68tT+jb3vk/RyaKWP0PTKyWtmLSM0b+adUTEvbs1PEaH2w==}
    dev: false

  /ms@2.1.3:
    resolution: {integrity: sha512-6FlzubTLZG3J2a/NVCAleEhjzq5oxgHyaCU9yYXvcLsvoVaHJq/s5xXI6/XXP6tz7R9xAOtHnSO/tXtF3WRTlA==}
    dev: false

  /node-fetch@2.6.9:
    resolution: {integrity: sha512-DJm/CJkZkRjKKj4Zi4BsKVZh3ValV5IR5s7LVZnW+6YMh0W1BfNA8XSs6DLMGYlId5F3KnA70uu2qepcR08Qqg==}
    engines: {node: 4.x || >=6.0.0}
    peerDependencies:
      encoding: ^0.1.0
    peerDependenciesMeta:
      encoding:
        optional: true
    dependencies:
      whatwg-url: 5.0.0
    dev: false

  /octokit@2.0.14:
    resolution: {integrity: sha512-z6cgZBFxirpFEQ1La8Lg83GCs5hOV2EPpkYYdjsGNbfQMv8qUGjq294MiRBCbZqLufviakGsPUxaNKe3JrPmsA==}
    engines: {node: '>= 14'}
    dependencies:
      '@octokit/app': 13.1.2
      '@octokit/core': 4.2.0
      '@octokit/oauth-app': 4.2.0
      '@octokit/plugin-paginate-rest': 6.0.0(@octokit/core@4.2.0)
      '@octokit/plugin-rest-endpoint-methods': 7.0.1(@octokit/core@4.2.0)
      '@octokit/plugin-retry': 4.1.3(@octokit/core@4.2.0)
      '@octokit/plugin-throttling': 5.0.1(@octokit/core@4.2.0)
      '@octokit/types': 9.0.0
    transitivePeerDependencies:
      - encoding
    dev: false

  /once@1.4.0:
    resolution: {integrity: sha512-lNaJgI+2Q5URQBkccEKHTQOPaXdUxnZZElQTZY0MFUAuaEqe1E+Nyvgdz/aIyNi6Z9MzO5dv1H8n58/GELp3+w==}
    dependencies:
      wrappy: 1.0.2
    dev: false

  /safe-buffer@5.2.1:
    resolution: {integrity: sha512-rp3So07KcdmmKbGvgaNxQSJr7bGVSVk5S9Eq1F+ppbRo70+YeaDxkw5Dd8NPN+GD6bjnYm2VuPuCXmpuYvmCXQ==}
    dev: false

  /semver@7.4.0:
    resolution: {integrity: sha512-RgOxM8Mw+7Zus0+zcLEUn8+JfoLpj/huFTItQy2hsM4khuC1HYRDp0cU482Ewn/Fcy6bCjufD8vAj7voC66KQw==}
    engines: {node: '>=10'}
    hasBin: true
    dependencies:
      lru-cache: 6.0.0
    dev: false

  /tr46@0.0.3:
    resolution: {integrity: sha512-N3WMsuqV66lT30CrXNbEjx4GEwlow3v6rr4mCcv6prnfwhS01rkgyFdjPNBYd9br7LpXV1+Emh01fHnq2Gdgrw==}
    dev: false

  /universal-github-app-jwt@1.1.1:
    resolution: {integrity: sha512-G33RTLrIBMFmlDV4u4CBF7dh71eWwykck4XgaxaIVeZKOYZRAAxvcGMRFTUclVY6xoUPQvO4Ne5wKGxYm/Yy9w==}
    dependencies:
      '@types/jsonwebtoken': 9.0.1
      jsonwebtoken: 9.0.0
    dev: false

  /universal-user-agent@6.0.0:
    resolution: {integrity: sha512-isyNax3wXoKaulPDZWHQqbmIx1k2tb9fb3GGDBRxCscfYV2Ch7WxPArBsFEG8s/safwXTT7H4QGhaIkTp9447w==}
    dev: false

  /webidl-conversions@3.0.1:
    resolution: {integrity: sha512-2JAn3z8AR6rjK8Sm8orRC0h/bcl/DqL7tRPdGZ4I1CjdF+EaMLmYxBHyXuKL849eucPFhvBoxMsflfOb8kxaeQ==}
    dev: false

  /whatwg-url@5.0.0:
    resolution: {integrity: sha512-saE57nupxk6v3HY35+jzBwYa0rKSy0XR8JSxZPwgLr7ys0IBzhGviA1/TUGJLmSVqs8pb9AnvICXEuOHLprYTw==}
    dependencies:
      tr46: 0.0.3
      webidl-conversions: 3.0.1
    dev: false

  /wrappy@1.0.2:
    resolution: {integrity: sha512-l4Sp/DRseor9wL6EvV2+TuQn63dMkPjZ/sp9XkghTEbV9KlPS1xUsZ3u7/IQO4wxtcFB4bgpQPRcR3QCvezPcQ==}
    dev: false

  /yallist@4.0.0:
    resolution: {integrity: sha512-3wdGidZyq5PB084XLES5TpOSRA3wjXAlIWMhum2kRcv/41Sn2emQ0dycQW4uZXLejwKvg6EsvbdlVL+FYEct7A==}
    dev: false
